
Microsoft Visual Studio Solution File, Format Version 12.00
# Visual Studio Version 17
VisualStudioVersion = 17.9.34607.119
MinimumVisualStudioVersion = 10.0.40219.1
Project("{9A19103F-16F7-4668-BE54-9A1E7A4F7556}") = "Library", "Library\Library.csproj", "{CC3E7E35-FF6D-4783-B6E7-712B63FA93BC}"
EndProject
Global
	GlobalSection(SolutionConfigurationPlatforms) = preSolution
		Debug|Any CPU = Debug|Any CPU
		Release|Any CPU = Release|Any CPU
	EndGlobalSection
	GlobalSection(ProjectConfigurationPlatforms) = postSolution
		{CC3E7E35-FF6D-4783-B6E7-712B63FA93BC}.Debug|Any CPU.ActiveCfg = Debug|Any CPU
		{CC3E7E35-FF6D-4783-B6E7-712B63FA93BC}.Debug|Any CPU.Build.0 = Debug|Any CPU
		{CC3E7E35-FF6D-4783-B6E7-712B63FA93BC}.Release|Any CPU.ActiveCfg = Release|Any CPU
		{CC3E7E35-FF6D-4783-B6E7-712B63FA93BC}.Release|Any CPU.Build.0 = Release|Any CPU
	EndGlobalSection
	GlobalSection(SolutionProperties) = preSolution
		HideSolutionNode = FALSE
	EndGlobalSection
	GlobalSection(ExtensibilityGlobals) = postSolution
		SolutionGuid = {8BB783F5-35E7-492F-A235-8695DDE72ADA}
	EndGlobalSection
EndGlobal
